
Microsoft Visual Studio Solution File, Format Version 12.00
# Visual Studio Version 16
VisualStudioVersion = 16.0.31424.327
MinimumVisualStudioVersion = 10.0.40219.1
Project("{9A19103F-16F7-4668-BE54-9A1E7A4F7556}") = "ZeitPlaner", "ZeitPlaner\ZeitPlaner.csproj", "{9408143C-841D-4AA8-919F-54197D2F6EBF}"
EndProject
Project("{9A19103F-16F7-4668-BE54-9A1E7A4F7556}") = "ZeitPlaner.Data", "ZeitPlaner.Data\ZeitPlaner.Data.csproj", "{5EBE3D2E-AF78-483A-B0BD-BFBB3DFE9442}"
EndProject
Global
	GlobalSection(SolutionConfigurationPlatforms) = preSolution
		Debug|Any CPU = Debug|Any CPU
		Release|Any CPU = Release|Any CPU
	EndGlobalSection
	GlobalSection(ProjectConfigurationPlatforms) = postSolution
		{9408143C-841D-4AA8-919F-54197D2F6EBF}.Debug|Any CPU.ActiveCfg = Debug|Any CPU
		{9408143C-841D-4AA8-919F-54197D2F6EBF}.Debug|Any CPU.Build.0 = Debug|Any CPU
		{9408143C-841D-4AA8-919F-54197D2F6EBF}.Release|Any CPU.ActiveCfg = Release|Any CPU
		{9408143C-841D-4AA8-919F-54197D2F6EBF}.Release|Any CPU.Build.0 = Release|Any CPU
		{5EBE3D2E-AF78-483A-B0BD-BFBB3DFE9442}.Debug|Any CPU.ActiveCfg = Debug|Any CPU
		{5EBE3D2E-AF78-483A-B0BD-BFBB3DFE9442}.Debug|Any CPU.Build.0 = Debug|Any CPU
		{5EBE3D2E-AF78-483A-B0BD-BFBB3DFE9442}.Release|Any CPU.ActiveCfg = Release|Any CPU
		{5EBE3D2E-AF78-483A-B0BD-BFBB3DFE9442}.Release|Any CPU.Build.0 = Release|Any CPU
	EndGlobalSection
	GlobalSection(SolutionProperties) = preSolution
		HideSolutionNode = FALSE
	EndGlobalSection
	GlobalSection(ExtensibilityGlobals) = postSolution
		SolutionGuid = {9170FA6E-F0A3-48EF-81E2-AFB6413DD090}
	EndGlobalSection
EndGlobal
