
Microsoft Visual Studio Solution File, Format Version 12.00
# Visual Studio Version 16
VisualStudioVersion = 16.0.31424.327
MinimumVisualStudioVersion = 10.0.40219.1
Project("{9A19103F-16F7-4668-BE54-9A1E7A4F7556}") = "ZeitPlaner", "ZeitPlaner\ZeitPlaner.csproj", "{9408143C-841D-4AA8-919F-54197D2F6EBF}"
EndProject
Project("{9A19103F-16F7-4668-BE54-9A1E7A4F7556}") = "ZeitPlaner.Data", "ZeitPlaner.Data\ZeitPlaner.Data.csproj", "{5EBE3D2E-AF78-483A-B0BD-BFBB3DFE9442}"
EndProject
Project("{2150E333-8FDC-42A3-9474-1A3956D46DE8}") = "Solution Items", "Solution Items", "{D7DE2108-756C-4FE8-930D-8DF0ACE2782C}"
	ProjectSection(SolutionItems) = preProject
		Code Rules.ruleset = Code Rules.ruleset
		CodeMaid.config = CodeMaid.config
		Directory.Build.props = Directory.Build.props
		..\README.md = ..\README.md
	EndProjectSection
EndProject
Project("{2150E333-8FDC-42A3-9474-1A3956D46DE8}") = "pic", "pic", "{E881526B-F423-4D57-B727-73AA0DB43032}"
	ProjectSection(SolutionItems) = preProject
		..\pic\dialog.png = ..\pic\dialog.png
		..\pic\evaluation.png = ..\pic\evaluation.png
		..\pic\home.png = ..\pic\home.png
		..\pic\notification.png = ..\pic\notification.png
	EndProjectSection
EndProject
Project("{2150E333-8FDC-42A3-9474-1A3956D46DE8}") = "inst", "inst", "{58D9897E-C1C8-44C4-92D1-C12D11FCE618}"
	ProjectSection(SolutionItems) = preProject
		..\inst\script.nsi = ..\inst\script.nsi
	EndProjectSection
EndProject
Global
	GlobalSection(SolutionConfigurationPlatforms) = preSolution
		Debug|Any CPU = Debug|Any CPU
		Release|Any CPU = Release|Any CPU
	EndGlobalSection
	GlobalSection(ProjectConfigurationPlatforms) = postSolution
		{9408143C-841D-4AA8-919F-54197D2F6EBF}.Debug|Any CPU.ActiveCfg = Debug|Any CPU
		{9408143C-841D-4AA8-919F-54197D2F6EBF}.Debug|Any CPU.Build.0 = Debug|Any CPU
		{9408143C-841D-4AA8-919F-54197D2F6EBF}.Release|Any CPU.ActiveCfg = Release|Any CPU
		{9408143C-841D-4AA8-919F-54197D2F6EBF}.Release|Any CPU.Build.0 = Release|Any CPU
		{5EBE3D2E-AF78-483A-B0BD-BFBB3DFE9442}.Debug|Any CPU.ActiveCfg = Debug|Any CPU
		{5EBE3D2E-AF78-483A-B0BD-BFBB3DFE9442}.Debug|Any CPU.Build.0 = Debug|Any CPU
		{5EBE3D2E-AF78-483A-B0BD-BFBB3DFE9442}.Release|Any CPU.ActiveCfg = Release|Any CPU
		{5EBE3D2E-AF78-483A-B0BD-BFBB3DFE9442}.Release|Any CPU.Build.0 = Release|Any CPU
	EndGlobalSection
	GlobalSection(SolutionProperties) = preSolution
		HideSolutionNode = FALSE
	EndGlobalSection
	GlobalSection(ExtensibilityGlobals) = postSolution
		SolutionGuid = {9170FA6E-F0A3-48EF-81E2-AFB6413DD090}
	EndGlobalSection
EndGlobal
